lockfileVersion: '9.0'

settings:
  autoInstallPeers: true
  excludeLinksFromLockfile: false

importers:

  .:
    dependencies:
      '@workspace/ui':
        specifier: workspace:*
        version: link:../../packages/ui
      better-auth:
        specifier: ^1.6.5
        version: 1.6.5(@opentelemetry/api@1.9.1)

packages:

  '@better-auth/core@1.6.5':
    resolution: {integrity: sha512-T3u4rVsJcMWShG2qfQUlU1HdkQGLYX0+lcR48QV2Cp2kpBOLOTYdt+p6zZtGm2Omx/ReEouRQyKy7pYtahRQuA==}
    peerDependencies:
      '@better-auth/utils': 0.4.0
      '@better-fetch/fetch': 1.1.21
      '@cloudflare/workers-types': '>=4'
      '@opentelemetry/api': ^1.9.0
      better-call: 1.3.5
      jose: ^6.1.0
      kysely: ^0.28.5
      nanostores: ^1.0.1
    peerDependenciesMeta:
      '@cloudflare/workers-types':
        optional: true

  '@better-auth/drizzle-adapter@1.6.5':
    resolution: {integrity: sha512-9YjPW35+h66D+QA+YqEJ9pFP97ClLFR+QrTPZojkeP0PTYqpW0ErBK3p1pwRTJG88yK+o3Y4yOwoacMTBxz0jQ==}
    peerDependencies:
      '@better-auth/core': ^1.6.5
      '@better-auth/utils': 0.4.0
      drizzle-orm: ^0.45.2
    peerDependenciesMeta:
      drizzle-orm:
        optional: true

  '@better-auth/kysely-adapter@1.6.5':
    resolution: {integrity: sha512-kbevd70qzKNR3ZHF7q6/e0XXYRCXanLB2rvmTd3T8WbNEd9kYMqKjgTGNxL1ri5N+PEDUK6zfHx/HrvaEOfoHw==}
    peerDependencies:
      '@better-auth/core': ^1.6.5
      '@better-auth/utils': 0.4.0
      kysely: ^0.28.14
    peerDependenciesMeta:
      kysely:
        optional: true

  '@better-auth/memory-adapter@1.6.5':
    resolution: {integrity: sha512-5qFUpSdQi+RwHSmNyHMSsJIrFjed8d/ASS61L2xyW7sjBLTIuR7JcgS6hif5cQbtPeq+Qz+Wct5q8oKw33qyqQ==}
    peerDependencies:
      '@better-auth/core': ^1.6.5
      '@better-auth/utils': 0.4.0

  '@better-auth/mongo-adapter@1.6.5':
    resolution: {integrity: sha512-HvOUFTiSEFSGTzL/vE3FntTwQiZ79O/V+QcsCimR+65Bj3tOqdFaC1G2Yd1dQ9l2YHNXA9SNBrGekbk66RzJMw==}
    peerDependencies:
      '@better-auth/core': ^1.6.5
      '@better-auth/utils': 0.4.0
      mongodb: ^6.0.0 || ^7.0.0
    peerDependenciesMeta:
      mongodb:
        optional: true

  '@better-auth/prisma-adapter@1.6.5':
    resolution: {integrity: sha512-d7PUO5XoimYYDEG/DoYVbOSbyVYJBDuZgvY9pjf8INccBTCD1BzcyEJ9NQil4huXWj4fcNaGOt2FG0OI8NtWOA==}
    peerDependencies:
      '@better-auth/core': ^1.6.5
      '@better-auth/utils': 0.4.0
      '@prisma/client': ^5.0.0 || ^6.0.0 || ^7.0.0
      prisma: ^5.0.0 || ^6.0.0 || ^7.0.0
    peerDependenciesMeta:
      '@prisma/client':
        optional: true
      prisma:
        optional: true

  '@better-auth/telemetry@1.6.5':
    resolution: {integrity: sha512-Ag3CjAP+tLretKPq+pYdU/gU4pFIcey/AoNQzw671wV5JQZXrMitS65INi8j8QuYfol2xgQrht5KVlcxGrkhHQ==}
    peerDependencies:
      '@better-auth/core': ^1.6.5
      '@better-auth/utils': 0.4.0
      '@better-fetch/fetch': 1.1.21

  '@better-auth/utils@0.4.0':
    resolution: {integrity: sha512-RpMtLUIQAEWMgdPLNVbIF5ON2mm+CH0U3rCdUCU1VyeAUui4m38DyK7/aXMLZov2YDjG684pS1D0MBllrmgjQA==}

  '@better-fetch/fetch@1.1.21':
    resolution: {integrity: sha512-/ImESw0sskqlVR94jB+5+Pxjf+xBwDZF/N5+y2/q4EqD7IARUTSpPfIo8uf39SYpCxyOCtbyYpUrZ3F/k0zT4A==}

  '@noble/ciphers@2.2.0':
    resolution: {integrity: sha512-Z6pjIZ/8IJcCGzb2S/0Px5J81yij85xASuk1teLNeg75bfT07MV3a/O2Mtn1I2se43k3lkVEcFaR10N4cgQcZA==}
    engines: {node: '>= 20.19.0'}

  '@noble/hashes@2.2.0':
    resolution: {integrity: sha512-IYqDGiTXab6FniAgnSdZwgWbomxpy9FtYvLKs7wCUs2a8RkITG+DFGO1DM9cr+E3/RgADRpFjrKVaJ1z6sjtEg==}
    engines: {node: '>= 20.19.0'}

  '@opentelemetry/api@1.9.1':
    resolution: {integrity: sha512-gLyJlPHPZYdAk1JENA9LeHejZe1Ti77/pTeFm/nMXmQH/HFZlcS/O2XJB+L8fkbrNSqhdtlvjBVjxwUYanNH5Q==}
    engines: {node: '>=8.0.0'}

  '@opentelemetry/semantic-conventions@1.40.0':
    resolution: {integrity: sha512-cifvXDhcqMwwTlTK04GBNeIe7yyo28Mfby85QXFe1Yk8nmi36Ab/5UQwptOx84SsoGNRg+EVSjwzfSZMy6pmlw==}
    engines: {node: '>=14'}

  '@standard-schema/spec@1.1.0':
    resolution: {integrity: sha512-l2aFy5jALhniG5HgqrD6jXLi/rUWrKvqN/qJx6yoJsgKhblVd+iqqU4RCXavm/jPityDo5TCvKMnpjKnOriy0w==}

  better-auth@1.6.5:
    resolution: {integrity: sha512-rSt8JtJOJK0MqPShXINCmM6DV30GsDvnCTlIxQIzP9OpUx/umA40nUc4ALZHQyqAPbw1ib/a549kIWw/WyxxKA==}
    peerDependencies:
      '@lynx-js/react': '*'
      '@prisma/client': ^5.0.0 || ^6.0.0 || ^7.0.0
      '@sveltejs/kit': ^2.0.0
      '@tanstack/react-start': ^1.0.0
      '@tanstack/solid-start': ^1.0.0
      better-sqlite3: ^12.0.0
      drizzle-kit: '>=0.31.4'
      drizzle-orm: ^0.45.2
      mongodb: ^6.0.0 || ^7.0.0
      mysql2: ^3.0.0
      next: ^14.0.0 || ^15.0.0 || ^16.0.0
      pg: ^8.0.0
      prisma: ^5.0.0 || ^6.0.0 || ^7.0.0
      react: ^18.0.0 || ^19.0.0
      react-dom: ^18.0.0 || ^19.0.0
      solid-js: ^1.0.0
      svelte: ^4.0.0 || ^5.0.0
      vitest: ^2.0.0 || ^3.0.0 || ^4.0.0
      vue: ^3.0.0
    peerDependenciesMeta:
      '@lynx-js/react':
        optional: true
      '@prisma/client':
        optional: true
      '@sveltejs/kit':
        optional: true
      '@tanstack/react-start':
        optional: true
      '@tanstack/solid-start':
        optional: true
      better-sqlite3:
        optional: true
      drizzle-kit:
        optional: true
      drizzle-orm:
        optional: true
      mongodb:
        optional: true
      mysql2:
        optional: true
      next:
        optional: true
      pg:
        optional: true
      prisma:
        optional: true
      react:
        optional: true
      react-dom:
        optional: true
      solid-js:
        optional: true
      svelte:
        optional: true
      vitest:
        optional: true
      vue:
        optional: true

  better-call@1.3.5:
    resolution: {integrity: sha512-kOFJkBP7utAQLEYrobZm3vkTH8mXq5GNgvjc5/XEST1ilVHaxXUXfeDeFlqoETMtyqS4+3/h4ONX2i++ebZrvA==}
    peerDependencies:
      zod: ^4.0.0
    peerDependenciesMeta:
      zod:
        optional: true

  defu@6.1.7:
    resolution: {integrity: sha512-7z22QmUWiQ/2d0KkdYmANbRUVABpZ9SNYyH5vx6PZ+nE5bcC0l7uFvEfHlyld/HcGBFTL536ClDt3DEcSlEJAQ==}

  jose@6.2.2:
    resolution: {integrity: sha512-d7kPDd34KO/YnzaDOlikGpOurfF0ByC2sEV4cANCtdqLlTfBlw2p14O/5d/zv40gJPbIQxfES3nSx1/oYNyuZQ==}

  kysely@0.28.16:
    resolution: {integrity: sha512-3i5pmOiZvMDj00qhrIVbH0AnioVTx22DMP7Vn5At4yJO46iy+FM8Y/g61ltenLVSo3fiO8h8Q3QOFgf/gQ72ww==}
    engines: {node: '>=20.0.0'}

  nanostores@1.3.0:
    resolution: {integrity: sha512-XPUa/jz+P1oJvN9VBxw4L9MtdFfaH3DAryqPssqhb2kXjmb9npz0dly6rCsgFWOPr4Yg9mTfM3MDZgZZ+7A3lA==}
    engines: {node: ^20.0.0 || >=22.0.0}

  rou3@0.7.12:
    resolution: {integrity: sha512-iFE4hLDuloSWcD7mjdCDhx2bKcIsYbtOTpfH5MHHLSKMOUyjqQXTeZVa289uuwEGEKFoE/BAPbhaU4B774nceg==}

  set-cookie-parser@3.1.0:
    resolution: {integrity: sha512-kjnC1DXBHcxaOaOXBHBeRtltsDG2nUiUni+jP92M9gYdW12rsmx92UsfpH7o5tDRs7I1ZZPSQJQGv3UaRfCiuw==}

  zod@4.3.6:
    resolution: {integrity: sha512-rftlrkhHZOcjDwkGlnUtZZkvaPHCsDATp4pGpuOOMDaTdDDXF91wuVDJoWoPsKX/3YPQ5fHuF3STjcYyKr+Qhg==}

snapshots:

  '@better-auth/core@1.6.5(@better-auth/utils@0.4.0)(@better-fetch/fetch@1.1.21)(@opentelemetry/api@1.9.1)(better-call@1.3.5(zod@4.3.6))(jose@6.2.2)(kysely@0.28.16)(nanostores@1.3.0)':
    dependencies:
      '@better-auth/utils': 0.4.0
      '@better-fetch/fetch': 1.1.21
      '@opentelemetry/api': 1.9.1
      '@opentelemetry/semantic-conventions': 1.40.0
      '@standard-schema/spec': 1.1.0
      better-call: 1.3.5(zod@4.3.6)
      jose: 6.2.2
      kysely: 0.28.16
      nanostores: 1.3.0
      zod: 4.3.6

  '@better-auth/drizzle-adapter@1.6.5(@better-auth/core@1.6.5(@better-auth/utils@0.4.0)(@better-fetch/fetch@1.1.21)(@opentelemetry/api@1.9.1)(better-call@1.3.5(zod@4.3.6))(jose@6.2.2)(kysely@0.28.16)(nanostores@1.3.0))(@better-auth/utils@0.4.0)':
    dependencies:
      '@better-auth/core': 1.6.5(@better-auth/utils@0.4.0)(@better-fetch/fetch@1.1.21)(@opentelemetry/api@1.9.1)(better-call@1.3.5(zod@4.3.6))(jose@6.2.2)(kysely@0.28.16)(nanostores@1.3.0)
      '@better-auth/utils': 0.4.0

  '@better-auth/kysely-adapter@1.6.5(@better-auth/core@1.6.5(@better-auth/utils@0.4.0)(@better-fetch/fetch@1.1.21)(@opentelemetry/api@1.9.1)(better-call@1.3.5(zod@4.3.6))(jose@6.2.2)(kysely@0.28.16)(nanostores@1.3.0))(@better-auth/utils@0.4.0)(kysely@0.28.16)':
    dependencies:
      '@better-auth/core': 1.6.5(@better-auth/utils@0.4.0)(@better-fetch/fetch@1.1.21)(@opentelemetry/api@1.9.1)(better-call@1.3.5(zod@4.3.6))(jose@6.2.2)(kysely@0.28.16)(nanostores@1.3.0)
      '@better-auth/utils': 0.4.0
    optionalDependencies:
      kysely: 0.28.16

  '@better-auth/memory-adapter@1.6.5(@better-auth/core@1.6.5(@better-auth/utils@0.4.0)(@better-fetch/fetch@1.1.21)(@opentelemetry/api@1.9.1)(better-call@1.3.5(zod@4.3.6))(jose@6.2.2)(kysely@0.28.16)(nanostores@1.3.0))(@better-auth/utils@0.4.0)':
    dependencies:
      '@better-auth/core': 1.6.5(@better-auth/utils@0.4.0)(@better-fetch/fetch@1.1.21)(@opentelemetry/api@1.9.1)(better-call@1.3.5(zod@4.3.6))(jose@6.2.2)(kysely@0.28.16)(nanostores@1.3.0)
      '@better-auth/utils': 0.4.0

  '@better-auth/mongo-adapter@1.6.5(@better-auth/core@1.6.5(@better-auth/utils@0.4.0)(@better-fetch/fetch@1.1.21)(@opentelemetry/api@1.9.1)(better-call@1.3.5(zod@4.3.6))(jose@6.2.2)(kysely@0.28.16)(nanostores@1.3.0))(@better-auth/utils@0.4.0)':
    dependencies:
      '@better-auth/core': 1.6.5(@better-auth/utils@0.4.0)(@better-fetch/fetch@1.1.21)(@opentelemetry/api@1.9.1)(better-call@1.3.5(zod@4.3.6))(jose@6.2.2)(kysely@0.28.16)(nanostores@1.3.0)
      '@better-auth/utils': 0.4.0

  '@better-auth/prisma-adapter@1.6.5(@better-auth/core@1.6.5(@better-auth/utils@0.4.0)(@better-fetch/fetch@1.1.21)(@opentelemetry/api@1.9.1)(better-call@1.3.5(zod@4.3.6))(jose@6.2.2)(kysely@0.28.16)(nanostores@1.3.0))(@better-auth/utils@0.4.0)':
    dependencies:
      '@better-auth/core': 1.6.5(@better-auth/utils@0.4.0)(@better-fetch/fetch@1.1.21)(@opentelemetry/api@1.9.1)(better-call@1.3.5(zod@4.3.6))(jose@6.2.2)(kysely@0.28.16)(nanostores@1.3.0)
      '@better-auth/utils': 0.4.0

  '@better-auth/telemetry@1.6.5(@better-auth/core@1.6.5(@better-auth/utils@0.4.0)(@better-fetch/fetch@1.1.21)(@opentelemetry/api@1.9.1)(better-call@1.3.5(zod@4.3.6))(jose@6.2.2)(kysely@0.28.16)(nanostores@1.3.0))(@better-auth/utils@0.4.0)(@better-fetch/fetch@1.1.21)':
    dependencies:
      '@better-auth/core': 1.6.5(@better-auth/utils@0.4.0)(@better-fetch/fetch@1.1.21)(@opentelemetry/api@1.9.1)(better-call@1.3.5(zod@4.3.6))(jose@6.2.2)(kysely@0.28.16)(nanostores@1.3.0)
      '@better-auth/utils': 0.4.0
      '@better-fetch/fetch': 1.1.21

  '@better-auth/utils@0.4.0':
    dependencies:
      '@noble/hashes': 2.2.0

  '@better-fetch/fetch@1.1.21': {}

  '@noble/ciphers@2.2.0': {}

  '@noble/hashes@2.2.0': {}

  '@opentelemetry/api@1.9.1': {}

  '@opentelemetry/semantic-conventions@1.40.0': {}

  '@standard-schema/spec@1.1.0': {}

  better-auth@1.6.5(@opentelemetry/api@1.9.1):
    dependencies:
      '@better-auth/core': 1.6.5(@better-auth/utils@0.4.0)(@better-fetch/fetch@1.1.21)(@opentelemetry/api@1.9.1)(better-call@1.3.5(zod@4.3.6))(jose@6.2.2)(kysely@0.28.16)(nanostores@1.3.0)
      '@better-auth/drizzle-adapter': 1.6.5(@better-auth/core@1.6.5(@better-auth/utils@0.4.0)(@better-fetch/fetch@1.1.21)(@opentelemetry/api@1.9.1)(better-call@1.3.5(zod@4.3.6))(jose@6.2.2)(kysely@0.28.16)(nanostores@1.3.0))(@better-auth/utils@0.4.0)
      '@better-auth/kysely-adapter': 1.6.5(@better-auth/core@1.6.5(@better-auth/utils@0.4.0)(@better-fetch/fetch@1.1.21)(@opentelemetry/api@1.9.1)(better-call@1.3.5(zod@4.3.6))(jose@6.2.2)(kysely@0.28.16)(nanostores@1.3.0))(@better-auth/utils@0.4.0)(kysely@0.28.16)
      '@better-auth/memory-adapter': 1.6.5(@better-auth/core@1.6.5(@better-auth/utils@0.4.0)(@better-fetch/fetch@1.1.21)(@opentelemetry/api@1.9.1)(better-call@1.3.5(zod@4.3.6))(jose@6.2.2)(kysely@0.28.16)(nanostores@1.3.0))(@better-auth/utils@0.4.0)
      '@better-auth/mongo-adapter': 1.6.5(@better-auth/core@1.6.5(@better-auth/utils@0.4.0)(@better-fetch/fetch@1.1.21)(@opentelemetry/api@1.9.1)(better-call@1.3.5(zod@4.3.6))(jose@6.2.2)(kysely@0.28.16)(nanostores@1.3.0))(@better-auth/utils@0.4.0)
      '@better-auth/prisma-adapter': 1.6.5(@better-auth/core@1.6.5(@better-auth/utils@0.4.0)(@better-fetch/fetch@1.1.21)(@opentelemetry/api@1.9.1)(better-call@1.3.5(zod@4.3.6))(jose@6.2.2)(kysely@0.28.16)(nanostores@1.3.0))(@better-auth/utils@0.4.0)
      '@better-auth/telemetry': 1.6.5(@better-auth/core@1.6.5(@better-auth/utils@0.4.0)(@better-fetch/fetch@1.1.21)(@opentelemetry/api@1.9.1)(better-call@1.3.5(zod@4.3.6))(jose@6.2.2)(kysely@0.28.16)(nanostores@1.3.0))(@better-auth/utils@0.4.0)(@better-fetch/fetch@1.1.21)
      '@better-auth/utils': 0.4.0
      '@better-fetch/fetch': 1.1.21
      '@noble/ciphers': 2.2.0
      '@noble/hashes': 2.2.0
      better-call: 1.3.5(zod@4.3.6)
      defu: 6.1.7
      jose: 6.2.2
      kysely: 0.28.16
      nanostores: 1.3.0
      zod: 4.3.6
    transitivePeerDependencies:
      - '@cloudflare/workers-types'
      - '@opentelemetry/api'

  better-call@1.3.5(zod@4.3.6):
    dependencies:
      '@better-auth/utils': 0.4.0
      '@better-fetch/fetch': 1.1.21
      rou3: 0.7.12
      set-cookie-parser: 3.1.0
    optionalDependencies:
      zod: 4.3.6

  defu@6.1.7: {}

  jose@6.2.2: {}

  kysely@0.28.16: {}

  nanostores@1.3.0: {}

  rou3@0.7.12: {}

  set-cookie-parser@3.1.0: {}

  zod@4.3.6: {}
